
Microsoft Visual Studio Solution File, Format Version 12.00
# Visual Studio Version 17
VisualStudioVersion = 17.9.34607.119
MinimumVisualStudioVersion = 10.0.40219.1
Project("{FAE04EC0-301F-11D3-BF4B-00C04F79EFBC}") = "Dealership_BD", "Dealership_BD\Dealership_BD.csproj", "{24C636C7-9973-47F1-83ED-F272565D4F42}"
EndProject
Global
	GlobalSection(SolutionConfigurationPlatforms) = preSolution
		Debug|Any CPU = Debug|Any CPU
		Release|Any CPU = Release|Any CPU
	EndGlobalSection
	GlobalSection(ProjectConfigurationPlatforms) = postSolution
		{24C636C7-9973-47F1-83ED-F272565D4F42}.Debug|Any CPU.ActiveCfg = Debug|Any CPU
		{24C636C7-9973-47F1-83ED-F272565D4F42}.Debug|Any CPU.Build.0 = Debug|Any CPU
		{24C636C7-9973-47F1-83ED-F272565D4F42}.Release|Any CPU.ActiveCfg = Release|Any CPU
		{24C636C7-9973-47F1-83ED-F272565D4F42}.Release|Any CPU.Build.0 = Release|Any CPU
	EndGlobalSection
	GlobalSection(SolutionProperties) = preSolution
		HideSolutionNode = FALSE
	EndGlobalSection
	GlobalSection(ExtensibilityGlobals) = postSolution
		SolutionGuid = {6C038AAC-88F2-4ED4-89F6-9624D1145EB3}
	EndGlobalSection
EndGlobal
